// !$*UTF8*$!
{
	archiveVersion = 1;
	classes = {
	};
	objectVersion = 48;
	objects = {

/* Begin PBXBuildFile section */
		EF37995422CF9139003CF02A /* AppDelegate.swift in Sources */ = {isa = PBXBuildFile; fileRef = EF37995322CF9139003CF02A /* AppDelegate.swift */; };
		EF37995622CF9139003CF02A /* ViewController.swift in Sources */ = {isa = PBXBuildFile; fileRef = EF37995522CF9139003CF02A /* ViewController.swift */; };
		EF37995922CF9139003CF02A /* Main.storyboard in Resources */ = {isa = PBXBuildFile; fileRef = EF37995722CF9139003CF02A /* Main.storyboard */; };
		EF37995C22CF9139003CF02A /* D09.xcdatamodeld in Sources */ = {isa = PBXBuildFile; fileRef = EF37995A22CF9139003CF02A /* D09.xcdatamodeld */; };
		EF37995E22CF9139003CF02A /* Assets.xcassets in Resources */ = {isa = PBXBuildFile; fileRef = EF37995D22CF9139003CF02A /* Assets.xcassets */; };
		EF37996122CF9139003CF02A /* LaunchScreen.storyboard in Resources */ = {isa = PBXBuildFile; fileRef = EF37995F22CF9139003CF02A /* LaunchScreen.storyboard */; };
		EF37996922CF94F5003CF02A /* DiaryBoard.storyboard in Resources */ = {isa = PBXBuildFile; fileRef = EF37996822CF94F5003CF02A /* DiaryBoard.storyboard */; };
		EF37996B22CF9532003CF02A /* DiaryBoardController.swift in Sources */ = {isa = PBXBuildFile; fileRef = EF37996A22CF9532003CF02A /* DiaryBoardController.swift */; };
		EF37996D22CFA085003CF02A /* ArticleClass2.swift in Sources */ = {isa = PBXBuildFile; fileRef = EF37996C22CFA085003CF02A /* ArticleClass2.swift */; };
/* End PBXBuildFile section */

/* Begin PBXFileReference section */
		EF37995022CF9139003CF02A /* D09.app */ = {isa = PBXFileReference; explicitFileType = wrapper.application; includeInIndex = 0; path = D09.app; sourceTree = BUILT_PRODUCTS_DIR; };
		EF37995322CF9139003CF02A /* AppDelegate.swift */ = {isa = PBXFileReference; lastKnownFileType = sourcecode.swift; path = AppDelegate.swift; sourceTree = "<group>"; };
		EF37995522CF9139003CF02A /* ViewController.swift */ = {isa = PBXFileReference; lastKnownFileType = sourcecode.swift; path = ViewController.swift; sourceTree = "<group>"; };
		EF37995822CF9139003CF02A /* Base */ = {isa = PBXFileReference; lastKnownFileType = file.storyboard; name = Base; path = Base.lproj/Main.storyboard; sourceTree = "<group>"; };
		EF37995B22CF9139003CF02A /* D09.xcdatamodel */ = {isa = PBXFileReference; lastKnownFileType = wrapper.xcdatamodel; path = D09.xcdatamodel; sourceTree = "<group>"; };
		EF37995D22CF9139003CF02A /* Assets.xcassets */ = {isa = PBXFileReference; lastKnownFileType = folder.assetcatalog; path = Assets.xcassets; sourceTree = "<group>"; };
		EF37996022CF9139003CF02A /* Base */ = {isa = PBXFileReference; lastKnownFileType = file.storyboard; name = Base; path = Base.lproj/LaunchScreen.storyboard; sourceTree = "<group>"; };
		EF37996222CF9139003CF02A /* Info.plist */ = {isa = PBXFileReference; lastKnownFileType = text.plist.xml; path = Info.plist; sourceTree = "<group>"; };
		EF37996822CF94F5003CF02A /* DiaryBoard.storyboard */ = {isa = PBXFileReference; lastKnownFileType = file.storyboard; path = DiaryBoard.storyboard; sourceTree = "<group>"; };
		EF37996A22CF9532003CF02A /* DiaryBoardController.swift */ = {isa = PBXFileReference; lastKnownFileType = sourcecode.swift; path = DiaryBoardController.swift; sourceTree = "<group>"; };
		EF37996C22CFA085003CF02A /* ArticleClass2.swift */ = {isa = PBXFileReference; lastKnownFileType = sourcecode.swift; path = ArticleClass2.swift; sourceTree = "<group>"; };
/* End PBXFileReference section */

/* Begin PBXFrameworksBuildPhase section */
		EF37994D22CF9139003CF02A /* Frameworks */ = {
			isa = PBXFrameworksBuildPhase;
			buildActionMask = 2147483647;
			files = (
			);
			runOnlyForDeploymentPostprocessing = 0;
		};
/* End PBXFrameworksBuildPhase section */

/* Begin PBXGroup section */
		EF37994722CF9139003CF02A = {
			isa = PBXGroup;
			children = (
				EF37995222CF9139003CF02A /* D09 */,
				EF37995122CF9139003CF02A /* Products */,
			);
			sourceTree = "<group>";
		};
		EF37995122CF9139003CF02A /* Products */ = {
			isa = PBXGroup;
			children = (
				EF37995022CF9139003CF02A /* D09.app */,
			);
			name = Products;
			sourceTree = "<group>";
		};
		EF37995222CF9139003CF02A /* D09 */ = {
			isa = PBXGroup;
			children = (
				EF37995322CF9139003CF02A /* AppDelegate.swift */,
				EF37995522CF9139003CF02A /* ViewController.swift */,
				EF37996A22CF9532003CF02A /* DiaryBoardController.swift */,
				EF37995722CF9139003CF02A /* Main.storyboard */,
				EF37996822CF94F5003CF02A /* DiaryBoard.storyboard */,
				EF37995D22CF9139003CF02A /* Assets.xcassets */,
				EF37995F22CF9139003CF02A /* LaunchScreen.storyboard */,
				EF37996222CF9139003CF02A /* Info.plist */,
				EF37995A22CF9139003CF02A /* D09.xcdatamodeld */,
				EF37996C22CFA085003CF02A /* ArticleClass2.swift */,
			);
			path = D09;
			sourceTree = "<group>";
		};
/* End PBXGroup section */

/* Begin PBXNativeTarget section */
		EF37994F22CF9139003CF02A /* D09 */ = {
			isa = PBXNativeTarget;
			buildConfigurationList = EF37996522CF9139003CF02A /* Build configuration list for PBXNativeTarget "D09" */;
			buildPhases = (
				EF37994C22CF9139003CF02A /* Sources */,
				EF37994D22CF9139003CF02A /* Frameworks */,
				EF37994E22CF9139003CF02A /* Resources */,
			);
			buildRules = (
			);
			dependencies = (
			);
			name = D09;
			productName = D09;
			productReference = EF37995022CF9139003CF02A /* D09.app */;
			productType = "com.apple.product-type.application";
		};
/* End PBXNativeTarget section */

/* Begin PBXProject section */
		EF37994822CF9139003CF02A /* Project object */ = {
			isa = PBXProject;
			attributes = {
				LastSwiftUpdateCheck = 0920;
				LastUpgradeCheck = 0920;
				ORGANIZATIONNAME = "Anastasiia ALOKHINA";
				TargetAttributes = {
					EF37994F22CF9139003CF02A = {
						CreatedOnToolsVersion = 9.2;
						ProvisioningStyle = Automatic;
					};
				};
			};
			buildConfigurationList = EF37994B22CF9139003CF02A /* Build configuration list for PBXProject "D09" */;
			compatibilityVersion = "Xcode 8.0";
			developmentRegion = en;
			hasScannedForEncodings = 0;
			knownRegions = (
				en,
				Base,
			);
			mainGroup = EF37994722CF9139003CF02A;
			productRefGroup = EF37995122CF9139003CF02A /* Products */;
			projectDirPath = "";
			projectRoot = "";
			targets = (
				EF37994F22CF9139003CF02A /* D09 */,
			);
		};
/* End PBXProject section */

/* Begin PBXResourcesBuildPhase section */
		EF37994E22CF9139003CF02A /* Resources */ = {
			isa = PBXResourcesBuildPhase;
			buildActionMask = 2147483647;
			files = (
				EF37996122CF9139003CF02A /* LaunchScreen.storyboard in Resources */,
				EF37996922CF94F5003CF02A /* DiaryBoard.storyboard in Resources */,
				EF37995E22CF9139003CF02A /* Assets.xcassets in Resources */,
				EF37995922CF9139003CF02A /* Main.storyboard in Resources */,
			);
			runOnlyForDeploymentPostprocessing = 0;
		};
/* End PBXResourcesBuildPhase section */

/* Begin PBXSourcesBuildPhase section */
		EF37994C22CF9139003CF02A /* Sources */ = {
			isa = PBXSourcesBuildPhase;
			buildActionMask = 2147483647;
			files = (
				EF37995622CF9139003CF02A /* ViewController.swift in Sources */,
				EF37995422CF9139003CF02A /* AppDelegate.swift in Sources */,
				EF37996B22CF9532003CF02A /* DiaryBoardController.swift in Sources */,
				EF37996D22CFA085003CF02A /* ArticleClass2.swift in Sources */,
				EF37995C22CF9139003CF02A /* D09.xcdatamodeld in Sources */,
			);
			runOnlyForDeploymentPostprocessing = 0;
		};
/* End PBXSourcesBuildPhase section */

/* Begin PBXVariantGroup section */
		EF37995722CF9139003CF02A /* Main.storyboard */ = {
			isa = PBXVariantGroup;
			children = (
				EF37995822CF9139003CF02A /* Base */,
			);
			name = Main.storyboard;
			sourceTree = "<group>";
		};
		EF37995F22CF9139003CF02A /* LaunchScreen.storyboard */ = {
			isa = PBXVariantGroup;
			children = (
				EF37996022CF9139003CF02A /* Base */,
			);
			name = LaunchScreen.storyboard;
			sourceTree = "<group>";
		};
/* End PBXVariantGroup section */

/* Begin XCBuildConfiguration section */
		EF37996322CF9139003CF02A /* Debug */ = {
			isa = XCBuildConfiguration;
			buildSettings = {
				ALWAYS_SEARCH_USER_PATHS = NO;
				CLANG_ANALYZER_NONNULL = YES;
				CLANG_ANALYZER_NUMBER_OBJECT_CONVERSION = YES_AGGRESSIVE;
				CLANG_CXX_LANGUAGE_STANDARD = "gnu++14";
				CLANG_CXX_LIBRARY = "libc++";
				CLANG_ENABLE_MODULES = YES;
				CLANG_ENABLE_OBJC_ARC = YES;
				CLANG_WARN_BLOCK_CAPTURE_AUTORELEASING = YES;
				CLANG_WARN_BOOL_CONVERSION = YES;
				CLANG_WARN_COMMA = YES;
				CLANG_WARN_CONSTANT_CONVERSION = YES;
				CLANG_WARN_DIRECT_OBJC_ISA_USAGE = YES_ERROR;
				CLANG_WARN_DOCUMENTATION_COMMENTS = YES;
				CLANG_WARN_EMPTY_BODY = YES;
				CLANG_WARN_ENUM_CONVERSION = YES;
				CLANG_WARN_INFINITE_RECURSION = YES;
				CLANG_WARN_INT_CONVERSION = YES;
				CLANG_WARN_NON_LITERAL_NULL_CONVERSION = YES;
				CLANG_WARN_OBJC_LITERAL_CONVERSION = YES;
				CLANG_WARN_OBJC_ROOT_CLASS = YES_ERROR;
				CLANG_WARN_RANGE_LOOP_ANALYSIS = YES;
				CLANG_WARN_STRICT_PROTOTYPES = YES;
				CLANG_WARN_SUSPICIOUS_MOVE = YES;
				CLANG_WARN_UNGUARDED_AVAILABILITY = YES_AGGRESSIVE;
				CLANG_WARN_UNREACHABLE_CODE = YES;
				CLANG_WARN__DUPLICATE_METHOD_MATCH = YES;
				CODE_SIGN_IDENTITY = "iPhone Developer";
				COPY_PHASE_STRIP = NO;
				DEBUG_INFORMATION_FORMAT = dwarf;
				ENABLE_STRICT_OBJC_MSGSEND = YES;
				ENABLE_TESTABILITY = YES;
				GCC_C_LANGUAGE_STANDARD = gnu11;
				GCC_DYNAMIC_NO_PIC = NO;
				GCC_NO_COMMON_BLOCKS = YES;
				GCC_OPTIMIZATION_LEVEL = 0;
				GCC_PREPROCESSOR_DEFINITIONS = (
					"DEBUG=1",
					"$(inherited)",
				);
				GCC_WARN_64_TO_32_BIT_CONVERSION = YES;
				GCC_WARN_ABOUT_RETURN_TYPE = YES_ERROR;
				GCC_WARN_UNDECLARED_SELECTOR = YES;
				GCC_WARN_UNINITIALIZED_AUTOS = YES_AGGRESSIVE;
				GCC_WARN_UNUSED_FUNCTION = YES;
				GCC_WARN_UNUSED_VARIABLE = YES;
				IPHONEOS_DEPLOYMENT_TARGET = 11.2;
				MTL_ENABLE_DEBUG_INFO = YES;
				ONLY_ACTIVE_ARCH = YES;
				SDKROOT = iphoneos;
				SWIFT_ACTIVE_COMPILATION_CONDITIONS = DEBUG;
				SWIFT_OPTIMIZATION_LEVEL = "-Onone";
			};
			name = Debug;
		};
		EF37996422CF9139003CF02A /* Release */ = {
			isa = XCBuildConfiguration;
			buildSettings = {
				ALWAYS_SEARCH_USER_PATHS = NO;
				CLANG_ANALYZER_NONNULL = YES;
				CLANG_ANALYZER_NUMBER_OBJECT_CONVERSION = YES_AGGRESSIVE;
				CLANG_CXX_LANGUAGE_STANDARD = "gnu++14";
				CLANG_CXX_LIBRARY = "libc++";
				CLANG_ENABLE_MODULES = YES;
				CLANG_ENABLE_OBJC_ARC = YES;
				CLANG_WARN_BLOCK_CAPTURE_AUTORELEASING = YES;
				CLANG_WARN_BOOL_CONVERSION = YES;
				CLANG_WARN_COMMA = YES;
				CLANG_WARN_CONSTANT_CONVERSION = YES;
				CLANG_WARN_DIRECT_OBJC_ISA_USAGE = YES_ERROR;
				CLANG_WARN_DOCUMENTATION_COMMENTS = YES;
				CLANG_WARN_EMPTY_BODY = YES;
				CLANG_WARN_ENUM_CONVERSION = YES;
				CLANG_WARN_INFINITE_RECURSION = YES;
				CLANG_WARN_INT_CONVERSION = YES;
				CLANG_WARN_NON_LITERAL_NULL_CONVERSION = YES;
				CLANG_WARN_OBJC_LITERAL_CONVERSION = YES;
				CLANG_WARN_OBJC_ROOT_CLASS = YES_ERROR;
				CLANG_WARN_RANGE_LOOP_ANALYSIS = YES;
				CLANG_WARN_STRICT_PROTOTYPES = YES;
				CLANG_WARN_SUSPICIOUS_MOVE = YES;
				CLANG_WARN_UNGUARDED_AVAILABILITY = YES_AGGRESSIVE;
				CLANG_WARN_UNREACHABLE_CODE = YES;
				CLANG_WARN__DUPLICATE_METHOD_MATCH = YES;
				CODE_SIGN_IDENTITY = "iPhone Developer";
				COPY_PHASE_STRIP = NO;
				DEBUG_INFORMATION_FORMAT = "dwarf-with-dsym";
				ENABLE_NS_ASSERTIONS = NO;
				ENABLE_STRICT_OBJC_MSGSEND = YES;
				GCC_C_LANGUAGE_STANDARD = gnu11;
				GCC_NO_COMMON_BLOCKS = YES;
				GCC_WARN_64_TO_32_BIT_CONVERSION = YES;
				GCC_WARN_ABOUT_RETURN_TYPE = YES_ERROR;
				GCC_WARN_UNDECLARED_SELECTOR = YES;
				GCC_WARN_UNINITIALIZED_AUTOS = YES_AGGRESSIVE;
				GCC_WARN_UNUSED_FUNCTION = YES;
				GCC_WARN_UNUSED_VARIABLE = YES;
				IPHONEOS_DEPLOYMENT_TARGET = 11.2;
				MTL_ENABLE_DEBUG_INFO = NO;
				SDKROOT = iphoneos;
				SWIFT_OPTIMIZATION_LEVEL = "-Owholemodule";
				VALIDATE_PRODUCT = YES;
			};
			name = Release;
		};
		EF37996622CF9139003CF02A /* Debug */ = {
			isa = XCBuildConfiguration;
			buildSettings = {
				ASSETCATALOG_COMPILER_APPICON_NAME = AppIcon;
				CODE_SIGN_STYLE = Automatic;
				INFOPLIST_FILE = D09/Info.plist;
				LD_RUNPATH_SEARCH_PATHS = "$(inherited) @executable_path/Frameworks";
				PRODUCT_BUNDLE_IDENTIFIER = aalokhin.D09;
				PRODUCT_NAME = "$(TARGET_NAME)";
				SWIFT_VERSION = 4.0;
				TARGETED_DEVICE_FAMILY = "1,2";
			};
			name = Debug;
		};
		EF37996722CF9139003CF02A /* Release */ = {
			isa = XCBuildConfiguration;
			buildSettings = {
				ASSETCATALOG_COMPILER_APPICON_NAME = AppIcon;
				CODE_SIGN_STYLE = Automatic;
				INFOPLIST_FILE = D09/Info.plist;
				LD_RUNPATH_SEARCH_PATHS = "$(inherited) @executable_path/Frameworks";
				PRODUCT_BUNDLE_IDENTIFIER = aalokhin.D09;
				PRODUCT_NAME = "$(TARGET_NAME)";
				SWIFT_VERSION = 4.0;
				TARGETED_DEVICE_FAMILY = "1,2";
			};
			name = Release;
		};
/* End XCBuildConfiguration section */

/* Begin XCConfigurationList section */
		EF37994B22CF9139003CF02A /* Build configuration list for PBXProject "D09" */ = {
			isa = XCConfigurationList;
			buildConfigurations = (
				EF37996322CF9139003CF02A /* Debug */,
				EF37996422CF9139003CF02A /* Release */,
			);
			defaultConfigurationIsVisible = 0;
			defaultConfigurationName = Release;
		};
		EF37996522CF9139003CF02A /* Build configuration list for PBXNativeTarget "D09" */ = {
			isa = XCConfigurationList;
			buildConfigurations = (
				EF37996622CF9139003CF02A /* Debug */,
				EF37996722CF9139003CF02A /* Release */,
			);
			defaultConfigurationIsVisible = 0;
			defaultConfigurationName = Release;
		};
/* End XCConfigurationList section */

/* Begin XCVersionGroup section */
		EF37995A22CF9139003CF02A /* D09.xcdatamodeld */ = {
			isa = XCVersionGroup;
			children = (
				EF37995B22CF9139003CF02A /* D09.xcdatamodel */,
			);
			currentVersion = EF37995B22CF9139003CF02A /* D09.xcdatamodel */;
			path = D09.xcdatamodeld;
			sourceTree = "<group>";
			versionGroupType = wrapper.xcdatamodel;
		};
/* End XCVersionGroup section */
	};
	rootObject = EF37994822CF9139003CF02A /* Project object */;
}
